core:changelogs:
  - content: "---\npackages:\n  npm:jsx-middlewares:\n    type: major\n---\n\n### The package is now ESM-only\n\n`jsx-middlewares` no longer ships a CommonJS build. The `main` field and the CJS\nentrypoints are gone; every export resolves through the `import` condition.\n\nIf you `require('jsx-middlewares')`, switch to an `import`, or stay on `2.x`.\nBundlers and modern Node/Bun consumers need no changes.\n\n### Published entrypoints now expose their source\n\nEach export also carries a `source` condition pointing at the original\nTypeScript, and `src/` is included in the published package, so tooling that\nprefers source can pick it up and stack traces map back to real files.\n"
    filename: 2026-08-13-esm-only.md
    v: 0.0.0
core:packages:
  - id: npm:@jsx-middlewares/root
    updated: false
  - id: npm:website
    updated: false
  - id: npm:jsx-middlewares-example-vite
    updated: false
  - changelogIds:
      - 2026-08-13-esm-only.md
    id: npm:jsx-middlewares
    updated: true
npm:packages:
  - id: npm:@jsx-middlewares/root
  - id: npm:website
  - id: npm:jsx-middlewares-example-vite
  - id: npm:jsx-middlewares
